
Microsoft Visual Studio Solution File, Format Version 12.00
# Visual Studio 14
VisualStudioVersion = 14.0.25420.1
MinimumVisualStudioVersion = 10.0.40219.1
Project("{FAE04EC0-301F-11D3-BF4B-00C04F79EFBC}") = "Palindrome", "Palindrome\Palindrome.csproj", "{F2B26778-08DA-463D-8857-FB311F6B750C}"
EndProject
Project("{FAE04EC0-301F-11D3-BF4B-00C04F79EFBC}") = "PalindromeCheckerTest", "PalindromeCheckerTest\PalindromeCheckerTest.csproj", "{350BFA40-B95B-4F34-9940-505E6678F3A4}"
EndProject
Global
	GlobalSection(SolutionConfigurationPlatforms) = preSolution
		Debug|Any CPU = Debug|Any CPU
		Release|Any CPU = Release|Any CPU
	EndGlobalSection
	GlobalSection(ProjectConfigurationPlatforms) = postSolution
		{F2B26778-08DA-463D-8857-FB311F6B750C}.Debug|Any CPU.ActiveCfg = Debug|Any CPU
		{F2B26778-08DA-463D-8857-FB311F6B750C}.Debug|Any CPU.Build.0 = Debug|Any CPU
		{F2B26778-08DA-463D-8857-FB311F6B750C}.Release|Any CPU.ActiveCfg = Release|Any CPU
		{F2B26778-08DA-463D-8857-FB311F6B750C}.Release|Any CPU.Build.0 = Release|Any CPU
		{350BFA40-B95B-4F34-9940-505E6678F3A4}.Debug|Any CPU.ActiveCfg = Debug|Any CPU
		{350BFA40-B95B-4F34-9940-505E6678F3A4}.Debug|Any CPU.Build.0 = Debug|Any CPU
		{350BFA40-B95B-4F34-9940-505E6678F3A4}.Release|Any CPU.ActiveCfg = Release|Any CPU
		{350BFA40-B95B-4F34-9940-505E6678F3A4}.Release|Any CPU.Build.0 = Release|Any CPU
	EndGlobalSection
	GlobalSection(SolutionProperties) = preSolution
		HideSolutionNode = FALSE
	EndGlobalSection
EndGlobal
