
Microsoft Visual Studio Solution File, Format Version 12.00
# Visual Studio 2013
VisualStudioVersion = 12.0.21005.1
MinimumVisualStudioVersion = 10.0.40219.1
Project("{F2A71F9B-5D33-465A-A702-920D77279786}") = "web in cps", "web in cps\web in cps.fsproj", "{70A683E6-0025-42CB-9AA1-36B1AD97615B}"
EndProject
Project("{F2A71F9B-5D33-465A-A702-920D77279786}") = "WebR", "WebR\WebR.fsproj", "{A574CFE5-9103-47F4-A4B2-957066EBF70B}"
EndProject
Global
	GlobalSection(SolutionConfigurationPlatforms) = preSolution
		Debug|Any CPU = Debug|Any CPU
		Release|Any CPU = Release|Any CPU
	EndGlobalSection
	GlobalSection(ProjectConfigurationPlatforms) = postSolution
		{70A683E6-0025-42CB-9AA1-36B1AD97615B}.Debug|Any CPU.ActiveCfg = Debug|Any CPU
		{70A683E6-0025-42CB-9AA1-36B1AD97615B}.Debug|Any CPU.Build.0 = Debug|Any CPU
		{70A683E6-0025-42CB-9AA1-36B1AD97615B}.Release|Any CPU.ActiveCfg = Release|Any CPU
		{70A683E6-0025-42CB-9AA1-36B1AD97615B}.Release|Any CPU.Build.0 = Release|Any CPU
		{A574CFE5-9103-47F4-A4B2-957066EBF70B}.Debug|Any CPU.ActiveCfg = Debug|Any CPU
		{A574CFE5-9103-47F4-A4B2-957066EBF70B}.Debug|Any CPU.Build.0 = Debug|Any CPU
		{A574CFE5-9103-47F4-A4B2-957066EBF70B}.Release|Any CPU.ActiveCfg = Release|Any CPU
		{A574CFE5-9103-47F4-A4B2-957066EBF70B}.Release|Any CPU.Build.0 = Release|Any CPU
	EndGlobalSection
	GlobalSection(SolutionProperties) = preSolution
		HideSolutionNode = FALSE
	EndGlobalSection
EndGlobal
